
Microsoft Visual Studio Solution File, Format Version 12.00
# Visual Studio Version 17
VisualStudioVersion = 17.13.35825.156 d17.13
MinimumVisualStudioVersion = 10.0.40219.1
Project("{FAE04EC0-301F-11D3-BF4B-00C04F79EFBC}") = "CyberSecurityBot", "CyberSecurityBot.csproj", "{B16C8FB1-D40D-4A91-AD93-BD2355B03C4C}"
EndProject
Global
	GlobalSection(SolutionConfigurationPlatforms) = preSolution
		Debug|Any CPU = Debug|Any CPU
		Release|Any CPU = Release|Any CPU
	EndGlobalSection
	GlobalSection(ProjectConfigurationPlatforms) = postSolution
		{B16C8FB1-D40D-4A91-AD93-BD2355B03C4C}.Debug|Any CPU.ActiveCfg = Debug|Any CPU
		{B16C8FB1-D40D-4A91-AD93-BD2355B03C4C}.Debug|Any CPU.Build.0 = Debug|Any CPU
		{B16C8FB1-D40D-4A91-AD93-BD2355B03C4C}.Release|Any CPU.ActiveCfg = Release|Any CPU
		{B16C8FB1-D40D-4A91-AD93-BD2355B03C4C}.Release|Any CPU.Build.0 = Release|Any CPU
	EndGlobalSection
	GlobalSection(SolutionProperties) = preSolution
		HideSolutionNode = FALSE
	EndGlobalSection
	GlobalSection(ExtensibilityGlobals) = postSolution
		SolutionGuid = {44F148F3-B181-4E4F-9529-F7B7C54AECFA}
	EndGlobalSection
EndGlobal
